
Microsoft Visual Studio Solution File, Format Version 12.00
# Visual Studio 15
VisualStudioVersion = 15.0.28307.421
MinimumVisualStudioVersion = 10.0.40219.1
Project("{FAE04EC0-301F-11D3-BF4B-00C04F79EFBC}") = "Dupes Cuisine", "Dupes Cuisine.csproj", "{530FE099-7FBF-4456-A63B-FF03BFB5F395}"
EndProject
Global
	GlobalSection(SolutionConfigurationPlatforms) = preSolution
		Debug|Any CPU = Debug|Any CPU
		Release|Any CPU = Release|Any CPU
	EndGlobalSection
	GlobalSection(ProjectConfigurationPlatforms) = postSolution
		{530FE099-7FBF-4456-A63B-FF03BFB5F395}.Debug|Any CPU.ActiveCfg = Debug|Any CPU
		{530FE099-7FBF-4456-A63B-FF03BFB5F395}.Debug|Any CPU.Build.0 = Debug|Any CPU
		{530FE099-7FBF-4456-A63B-FF03BFB5F395}.Release|Any CPU.ActiveCfg = Release|Any CPU
		{530FE099-7FBF-4456-A63B-FF03BFB5F395}.Release|Any CPU.Build.0 = Release|Any CPU
	EndGlobalSection
	GlobalSection(SolutionProperties) = preSolution
		HideSolutionNode = FALSE
	EndGlobalSection
	GlobalSection(ExtensibilityGlobals) = postSolution
		SolutionGuid = {BC883B69-F61C-48D9-A15B-CBBDC061E20B}
	EndGlobalSection
EndGlobal
